
Microsoft Visual Studio Solution File, Format Version 12.00
# Visual Studio Version 16
VisualStudioVersion = 16.0.31613.86
MinimumVisualStudioVersion = 10.0.40219.1
Project("{FAE04EC0-301F-11D3-BF4B-00C04F79EFBC}") = "App.Common", "App.Common\App.Common.csproj", "{94CC73F3-7EB0-4844-801A-0C4985566788}"
EndProject
Project("{FAE04EC0-301F-11D3-BF4B-00C04F79EFBC}") = "App.Config", "App.Config\App.Config.csproj", "{3617A832-2FDF-434A-AEDC-13E57E4F550A}"
EndProject
Project("{FAE04EC0-301F-11D3-BF4B-00C04F79EFBC}") = "App.Domain", "App.Domain\App.Domain.csproj", "{BEB3BEE8-C7E1-41CE-B844-AB7F3FB7B622}"
EndProject
Project("{FAE04EC0-301F-11D3-BF4B-00C04F79EFBC}") = "App.Infrastructure", "App.Infrastructure\App.Infrastructure.csproj", "{1CAA5484-75D1-48BA-AB96-C63731E2DDCE}"
EndProject
Project("{FAE04EC0-301F-11D3-BF4B-00C04F79EFBC}") = "App.Web", "App.Web\App.Web.csproj", "{8D356E16-9A1D-4039-BDC7-2BCAE8FA304B}"
EndProject
Global
	GlobalSection(SolutionConfigurationPlatforms) = preSolution
		Debug|Any CPU = Debug|Any CPU
		Release|Any CPU = Release|Any CPU
	EndGlobalSection
	GlobalSection(ProjectConfigurationPlatforms) = postSolution
		{94CC73F3-7EB0-4844-801A-0C4985566788}.Debug|Any CPU.ActiveCfg = Debug|Any CPU
		{94CC73F3-7EB0-4844-801A-0C4985566788}.Debug|Any CPU.Build.0 = Debug|Any CPU
		{94CC73F3-7EB0-4844-801A-0C4985566788}.Release|Any CPU.ActiveCfg = Release|Any CPU
		{94CC73F3-7EB0-4844-801A-0C4985566788}.Release|Any CPU.Build.0 = Release|Any CPU
		{3617A832-2FDF-434A-AEDC-13E57E4F550A}.Debug|Any CPU.ActiveCfg = Debug|Any CPU
		{3617A832-2FDF-434A-AEDC-13E57E4F550A}.Debug|Any CPU.Build.0 = Debug|Any CPU
		{3617A832-2FDF-434A-AEDC-13E57E4F550A}.Release|Any CPU.ActiveCfg = Release|Any CPU
		{3617A832-2FDF-434A-AEDC-13E57E4F550A}.Release|Any CPU.Build.0 = Release|Any CPU
		{BEB3BEE8-C7E1-41CE-B844-AB7F3FB7B622}.Debug|Any CPU.ActiveCfg = Debug|Any CPU
		{BEB3BEE8-C7E1-41CE-B844-AB7F3FB7B622}.Debug|Any CPU.Build.0 = Debug|Any CPU
		{BEB3BEE8-C7E1-41CE-B844-AB7F3FB7B622}.Release|Any CPU.ActiveCfg = Release|Any CPU
		{BEB3BEE8-C7E1-41CE-B844-AB7F3FB7B622}.Release|Any CPU.Build.0 = Release|Any CPU
		{1CAA5484-75D1-48BA-AB96-C63731E2DDCE}.Debug|Any CPU.ActiveCfg = Debug|Any CPU
		{1CAA5484-75D1-48BA-AB96-C63731E2DDCE}.Debug|Any CPU.Build.0 = Debug|Any CPU
		{1CAA5484-75D1-48BA-AB96-C63731E2DDCE}.Release|Any CPU.ActiveCfg = Release|Any CPU
		{1CAA5484-75D1-48BA-AB96-C63731E2DDCE}.Release|Any CPU.Build.0 = Release|Any CPU
		{8D356E16-9A1D-4039-BDC7-2BCAE8FA304B}.Debug|Any CPU.ActiveCfg = Debug|Any CPU
		{8D356E16-9A1D-4039-BDC7-2BCAE8FA304B}.Debug|Any CPU.Build.0 = Debug|Any CPU
		{8D356E16-9A1D-4039-BDC7-2BCAE8FA304B}.Release|Any CPU.ActiveCfg = Release|Any CPU
		{8D356E16-9A1D-4039-BDC7-2BCAE8FA304B}.Release|Any CPU.Build.0 = Release|Any CPU
	EndGlobalSection
	GlobalSection(SolutionProperties) = preSolution
		HideSolutionNode = FALSE
	EndGlobalSection
	GlobalSection(ExtensibilityGlobals) = postSolution
		SolutionGuid = {A00F658A-6777-4B98-B3DC-29B9A9B6C6F6}
	EndGlobalSection
EndGlobal
